{
  "object": {
    "pins": [
      {
        "package": "ProgressShimmerAnimation",
        "repositoryURL": "https://github.com/nishanttaneja/ProgressShimmerAnimation",
        "state": {
          "branch": "main",
          "revision": "024ba677801ac8593396f1525f3f16d7c2d782e7",
          "version": null
        }
      }
    ]
  },
  "version": 1
}
