{
  "object": {
    "pins": [
      {
        "package": "ProgressShimmerAnimation",
        "repositoryURL": "https://github.com/nishanttaneja/ProgressShimmerAnimation",
        "state": {
          "branch": "main",
          "revision": "4f7b1a21490b3a0dd86335744fa5d9d57969be3a",
          "version": null
        }
      }
    ]
  },
  "version": 1
}
